
Microsoft Visual Studio Solution File, Format Version 12.00
# Visual Studio Version 16
VisualStudioVersion = 16.0.31702.278
MinimumVisualStudioVersion = 10.0.40219.1
Project("{FAE04EC0-301F-11D3-BF4B-00C04F79EFBC}") = "HalfLifeAPI", "HalfLifeAPI\HalfLifeAPI.csproj", "{E11738E3-B778-454C-9DFD-D1A7095990DC}"
EndProject
Global
	GlobalSection(SolutionConfigurationPlatforms) = preSolution
		Debug|Any CPU = Debug|Any CPU
		Release|Any CPU = Release|Any CPU
	EndGlobalSection
	GlobalSection(ProjectConfigurationPlatforms) = postSolution
		{E11738E3-B778-454C-9DFD-D1A7095990DC}.Debug|Any CPU.ActiveCfg = Debug|Any CPU
		{E11738E3-B778-454C-9DFD-D1A7095990DC}.Debug|Any CPU.Build.0 = Debug|Any CPU
		{E11738E3-B778-454C-9DFD-D1A7095990DC}.Release|Any CPU.ActiveCfg = Release|Any CPU
		{E11738E3-B778-454C-9DFD-D1A7095990DC}.Release|Any CPU.Build.0 = Release|Any CPU
	EndGlobalSection
	GlobalSection(SolutionProperties) = preSolution
		HideSolutionNode = FALSE
	EndGlobalSection
	GlobalSection(ExtensibilityGlobals) = postSolution
		SolutionGuid = {ADB9B560-9CDF-4381-834C-85E17B871397}
	EndGlobalSection
EndGlobal
